// !$*UTF8*$!
{
	archiveVersion = 1;
	classes = {
	};
	objectVersion = 56;
	objects = {

/* Begin PBXBuildFile section */
		5545D52929A4F51A008C7583 /* AppDelegate.swift in Sources */ = {isa = PBXBuildFile; fileRef = 5545D52829A4F51A008C7583 /* AppDelegate.swift */; };
		5545D52B29A4F51A008C7583 /* SceneDelegate.swift in Sources */ = {isa = PBXBuildFile; fileRef = 5545D52A29A4F51A008C7583 /* SceneDelegate.swift */; };
		5545D52D29A4F51A008C7583 /* MainViewController.swift in Sources */ = {isa = PBXBuildFile; fileRef = 5545D52C29A4F51A008C7583 /* MainViewController.swift */; };
		5545D53229A4F51C008C7583 /* Assets.xcassets in Resources */ = {isa = PBXBuildFile; fileRef = 5545D53129A4F51C008C7583 /* Assets.xcassets */; };
		5545D53529A4F51C008C7583 /* LaunchScreen.storyboard in Resources */ = {isa = PBXBuildFile; fileRef = 5545D53329A4F51C008C7583 /* LaunchScreen.storyboard */; };
		5545D54229A4FE2A008C7583 /* CalendarView.swift in Sources */ = {isa = PBXBuildFile; fileRef = 5545D54129A4FE2A008C7583 /* CalendarView.swift */; };
		5545D54429A50B77008C7583 /* WeatherView.swift in Sources */ = {isa = PBXBuildFile; fileRef = 5545D54329A50B77008C7583 /* WeatherView.swift */; };
		5545D54829A60E9E008C7583 /* Roboto-Medium.ttf in Resources */ = {isa = PBXBuildFile; fileRef = 5545D54629A60E9E008C7583 /* Roboto-Medium.ttf */; };
		5545D54929A60E9E008C7583 /* Roboto-Bold.ttf in Resources */ = {isa = PBXBuildFile; fileRef = 5545D54729A60E9E008C7583 /* Roboto-Bold.ttf */; };
		5545D54D29A61006008C7583 /* UIView + Extensions.swift in Sources */ = {isa = PBXBuildFile; fileRef = 5545D54C29A61006008C7583 /* UIView + Extensions.swift */; };
		5545D54F29A610EB008C7583 /* UIFont + Extensions.swift in Sources */ = {isa = PBXBuildFile; fileRef = 5545D54E29A610EB008C7583 /* UIFont + Extensions.swift */; };
		5545D55129A612B2008C7583 /* UIColor + Extensions.swift in Sources */ = {isa = PBXBuildFile; fileRef = 5545D55029A612B2008C7583 /* UIColor + Extensions.swift */; };
		5545D55429A61F3F008C7583 /* CalendarCollectionViewCell.swift in Sources */ = {isa = PBXBuildFile; fileRef = 5545D55329A61F3F008C7583 /* CalendarCollectionViewCell.swift */; };
		5545D55629A6606D008C7583 /* WorkoutTableViewCell.swift in Sources */ = {isa = PBXBuildFile; fileRef = 5545D55529A6606D008C7583 /* WorkoutTableViewCell.swift */; };
		5545D55829A666D4008C7583 /* UIStackView + Extensions.swift in Sources */ = {isa = PBXBuildFile; fileRef = 5545D55729A666D4008C7583 /* UIStackView + Extensions.swift */; };
		5545D55C29A674CA008C7583 /* StatisticViewController.swift in Sources */ = {isa = PBXBuildFile; fileRef = 5545D55B29A674CA008C7583 /* StatisticViewController.swift */; };
		5545D56429A67D6C008C7583 /* StatisticTableViewCell.swift in Sources */ = {isa = PBXBuildFile; fileRef = 5545D56329A67D6C008C7583 /* StatisticTableViewCell.swift */; };
		5545D56629A766E2008C7583 /* UILabel + Extensions.swift in Sources */ = {isa = PBXBuildFile; fileRef = 5545D56529A766E2008C7583 /* UILabel + Extensions.swift */; };
		5545D56929A795AF008C7583 /* MainTabBarController.swift in Sources */ = {isa = PBXBuildFile; fileRef = 5545D56829A795AF008C7583 /* MainTabBarController.swift */; };
		5545D56E29A7A53A008C7583 /* NewWorkoutViewController.swift in Sources */ = {isa = PBXBuildFile; fileRef = 5545D56D29A7A53A008C7583 /* NewWorkoutViewController.swift */; };
		5545D57029A7BF8B008C7583 /* RepsOrTimerView.swift in Sources */ = {isa = PBXBuildFile; fileRef = 5545D56F29A7BF8B008C7583 /* RepsOrTimerView.swift */; };
		5545D57229A7BF9A008C7583 /* DateAndRepeatView.swift in Sources */ = {isa = PBXBuildFile; fileRef = 5545D57129A7BF9A008C7583 /* DateAndRepeatView.swift */; };
		5545D57529A8F3E0008C7583 /* GreenButton.swift in Sources */ = {isa = PBXBuildFile; fileRef = 5545D57429A8F3E0008C7583 /* GreenButton.swift */; };
		5545D57729A8F505008C7583 /* CloseButton.swift in Sources */ = {isa = PBXBuildFile; fileRef = 5545D57629A8F505008C7583 /* CloseButton.swift */; };
		5545D57929A8F514008C7583 /* BrownTextField.swift in Sources */ = {isa = PBXBuildFile; fileRef = 5545D57829A8F514008C7583 /* BrownTextField.swift */; };
		5545D57B29A8F523008C7583 /* GreenSlider.swift in Sources */ = {isa = PBXBuildFile; fileRef = 5545D57A29A8F523008C7583 /* GreenSlider.swift */; };
		5545D57D29A8F786008C7583 /* NameView.swift in Sources */ = {isa = PBXBuildFile; fileRef = 5545D57C29A8F786008C7583 /* NameView.swift */; };
		5545D58029A90446008C7583 /* SliderView.swift in Sources */ = {isa = PBXBuildFile; fileRef = 5545D57F29A90446008C7583 /* SliderView.swift */; };
		5545D58329A91109008C7583 /* MainTableView.swift in Sources */ = {isa = PBXBuildFile; fileRef = 5545D58229A91109008C7583 /* MainTableView.swift */; };
		5545D58529A916F6008C7583 /* CalendarCollectionView.swift in Sources */ = {isa = PBXBuildFile; fileRef = 5545D58429A916F6008C7583 /* CalendarCollectionView.swift */; };
		5545D58729A9F10C008C7583 /* StatisticTableView.swift in Sources */ = {isa = PBXBuildFile; fileRef = 5545D58629A9F10C008C7583 /* StatisticTableView.swift */; };
		5545D58929ACAC83008C7583 /* Int + Extensions.swift in Sources */ = {isa = PBXBuildFile; fileRef = 5545D58829ACAC83008C7583 /* Int + Extensions.swift */; };
		5545D58C29ACB5B6008C7583 /* WorkoutModel.swift in Sources */ = {isa = PBXBuildFile; fileRef = 5545D58B29ACB5B6008C7583 /* WorkoutModel.swift */; };
		5545D58F29ACBAF3008C7583 /* SliderTypes.swift in Sources */ = {isa = PBXBuildFile; fileRef = 5545D58E29ACBAF3008C7583 /* SliderTypes.swift */; };
		5545D59129ACBEA1008C7583 /* Date + Extensions.swift in Sources */ = {isa = PBXBuildFile; fileRef = 5545D59029ACBEA1008C7583 /* Date + Extensions.swift */; };
		5545D59429ACC5D5008C7583 /* RealmManager.swift in Sources */ = {isa = PBXBuildFile; fileRef = 5545D59329ACC5D5008C7583 /* RealmManager.swift */; };
		A15167025ACC1206B2278AB6 /* Pods_MyApp.framework in Frameworks */ = {isa = PBXBuildFile; fileRef = 1D74C435BDF0A21975F7E605 /* Pods_MyApp.framework */; };
/* End PBXBuildFile section */

/* Begin PBXFileReference section */
		1D74C435BDF0A21975F7E605 /* Pods_MyApp.framework */ = {isa = PBXFileReference; explicitFileType = wrapper.framework; includeInIndex = 0; path = Pods_MyApp.framework; sourceTree = BUILT_PRODUCTS_DIR; };
		5545D52529A4F51A008C7583 /* MyApp.app */ = {isa = PBXFileReference; explicitFileType = wrapper.application; includeInIndex = 0; path = MyApp.app; sourceTree = BUILT_PRODUCTS_DIR; };
		5545D52829A4F51A008C7583 /* AppDelegate.swift */ = {isa = PBXFileReference; lastKnownFileType = sourcecode.swift; path = AppDelegate.swift; sourceTree = "<group>"; };
		5545D52A29A4F51A008C7583 /* SceneDelegate.swift */ = {isa = PBXFileReference; lastKnownFileType = sourcecode.swift; path = SceneDelegate.swift; sourceTree = "<group>"; };
		5545D52C29A4F51A008C7583 /* MainViewController.swift */ = {isa = PBXFileReference; lastKnownFileType = sourcecode.swift; path = MainViewController.swift; sourceTree = "<group>"; };
		5545D53129A4F51C008C7583 /* Assets.xcassets */ = {isa = PBXFileReference; lastKnownFileType = folder.assetcatalog; path = Assets.xcassets; sourceTree = "<group>"; };
		5545D53429A4F51C008C7583 /* Base */ = {isa = PBXFileReference; lastKnownFileType = file.storyboard; name = Base; path = Base.lproj/LaunchScreen.storyboard; sourceTree = "<group>"; };
		5545D53629A4F51C008C7583 /* Info.plist */ = {isa = PBXFileReference; lastKnownFileType = text.plist.xml; path = Info.plist; sourceTree = "<group>"; };
		5545D54129A4FE2A008C7583 /* CalendarView.swift */ = {isa = PBXFileReference; lastKnownFileType = sourcecode.swift; path = CalendarView.swift; sourceTree = "<group>"; };
		5545D54329A50B77008C7583 /* WeatherView.swift */ = {isa = PBXFileReference; lastKnownFileType = sourcecode.swift; path = WeatherView.swift; sourceTree = "<group>"; };
		5545D54629A60E9E008C7583 /* Roboto-Medium.ttf */ = {isa = PBXFileReference; lastKnownFileType = file; path = "Roboto-Medium.ttf"; sourceTree = "<group>"; };
		5545D54729A60E9E008C7583 /* Roboto-Bold.ttf */ = {isa = PBXFileReference; lastKnownFileType = file; path = "Roboto-Bold.ttf"; sourceTree = "<group>"; };
		5545D54C29A61006008C7583 /* UIView + Extensions.swift */ = {isa = PBXFileReference; lastKnownFileType = sourcecode.swift; path = "UIView + Extensions.swift"; sourceTree = "<group>"; };
		5545D54E29A610EB008C7583 /* UIFont + Extensions.swift */ = {isa = PBXFileReference; lastKnownFileType = sourcecode.swift; path = "UIFont + Extensions.swift"; sourceTree = "<group>"; };
		5545D55029A612B2008C7583 /* UIColor + Extensions.swift */ = {isa = PBXFileReference; lastKnownFileType = sourcecode.swift; path = "UIColor + Extensions.swift"; sourceTree = "<group>"; };
		5545D55329A61F3F008C7583 /* CalendarCollectionViewCell.swift */ = {isa = PBXFileReference; lastKnownFileType = sourcecode.swift; path = CalendarCollectionViewCell.swift; sourceTree = "<group>"; };
		5545D55529A6606D008C7583 /* WorkoutTableViewCell.swift */ = {isa = PBXFileReference; lastKnownFileType = sourcecode.swift; path = WorkoutTableViewCell.swift; sourceTree = "<group>"; };
		5545D55729A666D4008C7583 /* UIStackView + Extensions.swift */ = {isa = PBXFileReference; lastKnownFileType = sourcecode.swift; path = "UIStackView + Extensions.swift"; sourceTree = "<group>"; };
		5545D55B29A674CA008C7583 /* StatisticViewController.swift */ = {isa = PBXFileReference; lastKnownFileType = sourcecode.swift; path = StatisticViewController.swift; sourceTree = "<group>"; };
		5545D56329A67D6C008C7583 /* StatisticTableViewCell.swift */ = {isa = PBXFileReference; lastKnownFileType = sourcecode.swift; path = StatisticTableViewCell.swift; sourceTree = "<group>"; };
		5545D56529A766E2008C7583 /* UILabel + Extensions.swift */ = {isa = PBXFileReference; lastKnownFileType = sourcecode.swift; path = "UILabel + Extensions.swift"; sourceTree = "<group>"; };
		5545D56829A795AF008C7583 /* MainTabBarController.swift */ = {isa = PBXFileReference; lastKnownFileType = sourcecode.swift; path = MainTabBarController.swift; sourceTree = "<group>"; };
		5545D56D29A7A53A008C7583 /* NewWorkoutViewController.swift */ = {isa = PBXFileReference; lastKnownFileType = sourcecode.swift; path = NewWorkoutViewController.swift; sourceTree = "<group>"; };
		5545D56F29A7BF8B008C7583 /* RepsOrTimerView.swift */ = {isa = PBXFileReference; lastKnownFileType = sourcecode.swift; path = RepsOrTimerView.swift; sourceTree = "<group>"; };
		5545D57129A7BF9A008C7583 /* DateAndRepeatView.swift */ = {isa = PBXFileReference; lastKnownFileType = sourcecode.swift; path = DateAndRepeatView.swift; sourceTree = "<group>"; };
		5545D57429A8F3E0008C7583 /* GreenButton.swift */ = {isa = PBXFileReference; lastKnownFileType = sourcecode.swift; path = GreenButton.swift; sourceTree = "<group>"; };
		5545D57629A8F505008C7583 /* CloseButton.swift */ = {isa = PBXFileReference; lastKnownFileType = sourcecode.swift; path = CloseButton.swift; sourceTree = "<group>"; };
		5545D57829A8F514008C7583 /* BrownTextField.swift */ = {isa = PBXFileReference; lastKnownFileType = sourcecode.swift; path = BrownTextField.swift; sourceTree = "<group>"; };
		5545D57A29A8F523008C7583 /* GreenSlider.swift */ = {isa = PBXFileReference; lastKnownFileType = sourcecode.swift; path = GreenSlider.swift; sourceTree = "<group>"; };
		5545D57C29A8F786008C7583 /* NameView.swift */ = {isa = PBXFileReference; lastKnownFileType = sourcecode.swift; path = NameView.swift; sourceTree = "<group>"; };
		5545D57F29A90446008C7583 /* SliderView.swift */ = {isa = PBXFileReference; lastKnownFileType = sourcecode.swift; path = SliderView.swift; sourceTree = "<group>"; };
		5545D58229A91109008C7583 /* MainTableView.swift */ = {isa = PBXFileReference; lastKnownFileType = sourcecode.swift; path = MainTableView.swift; sourceTree = "<group>"; };
		5545D58429A916F6008C7583 /* CalendarCollectionView.swift */ = {isa = PBXFileReference; lastKnownFileType = sourcecode.swift; path = CalendarCollectionView.swift; sourceTree = "<group>"; };
		5545D58629A9F10C008C7583 /* StatisticTableView.swift */ = {isa = PBXFileReference; lastKnownFileType = sourcecode.swift; path = StatisticTableView.swift; sourceTree = "<group>"; };
		5545D58829ACAC83008C7583 /* Int + Extensions.swift */ = {isa = PBXFileReference; lastKnownFileType = sourcecode.swift; path = "Int + Extensions.swift"; sourceTree = "<group>"; };
		5545D58B29ACB5B6008C7583 /* WorkoutModel.swift */ = {isa = PBXFileReference; lastKnownFileType = sourcecode.swift; path = WorkoutModel.swift; sourceTree = "<group>"; };
		5545D58E29ACBAF3008C7583 /* SliderTypes.swift */ = {isa = PBXFileReference; lastKnownFileType = sourcecode.swift; path = SliderTypes.swift; sourceTree = "<group>"; };
		5545D59029ACBEA1008C7583 /* Date + Extensions.swift */ = {isa = PBXFileReference; lastKnownFileType = sourcecode.swift; path = "Date + Extensions.swift"; sourceTree = "<group>"; };
		5545D59329ACC5D5008C7583 /* RealmManager.swift */ = {isa = PBXFileReference; lastKnownFileType = sourcecode.swift; path = RealmManager.swift; sourceTree = "<group>"; };
		9A0577AB7E38EBE4E15F95BA /* Pods-MyApp.debug.xcconfig */ = {isa = PBXFileReference; includeInIndex = 1; lastKnownFileType = text.xcconfig; name = "Pods-MyApp.debug.xcconfig"; path = "Target Support Files/Pods-MyApp/Pods-MyApp.debug.xcconfig"; sourceTree = "<group>"; };
		B09034C68A02905B3EE1A864 /* Pods-MyApp.release.xcconfig */ = {isa = PBXFileReference; includeInIndex = 1; lastKnownFileType = text.xcconfig; name = "Pods-MyApp.release.xcconfig"; path = "Target Support Files/Pods-MyApp/Pods-MyApp.release.xcconfig"; sourceTree = "<group>"; };
/* End PBXFileReference section */

/* Begin PBXFrameworksBuildPhase section */
		5545D52229A4F51A008C7583 /* Frameworks */ = {
			isa = PBXFrameworksBuildPhase;
			buildActionMask = 2147483647;
			files = (
				A15167025ACC1206B2278AB6 /* Pods_MyApp.framework in Frameworks */,
			);
			runOnlyForDeploymentPostprocessing = 0;
		};
/* End PBXFrameworksBuildPhase section */

/* Begin PBXGroup section */
		37F8B4FEE029CE81A29F4FCC /* Frameworks */ = {
			isa = PBXGroup;
			children = (
				1D74C435BDF0A21975F7E605 /* Pods_MyApp.framework */,
			);
			name = Frameworks;
			sourceTree = "<group>";
		};
		5545D51C29A4F51A008C7583 = {
			isa = PBXGroup;
			children = (
				5545D52729A4F51A008C7583 /* MyApp */,
				5545D52629A4F51A008C7583 /* Products */,
				91BFFB1A52206EF4CFF7E423 /* Pods */,
				37F8B4FEE029CE81A29F4FCC /* Frameworks */,
			);
			sourceTree = "<group>";
		};
		5545D52629A4F51A008C7583 /* Products */ = {
			isa = PBXGroup;
			children = (
				5545D52529A4F51A008C7583 /* MyApp.app */,
			);
			name = Products;
			sourceTree = "<group>";
		};
		5545D52729A4F51A008C7583 /* MyApp */ = {
			isa = PBXGroup;
			children = (
				5545D53C29A4F6B1008C7583 /* App */,
				5545D56729A79596008C7583 /* NavigationModule */,
				5545D53E29A4F715008C7583 /* MainModule */,
				5545D56A29A7A4CE008C7583 /* NewWorkoutModule */,
				5545D55929A6746F008C7583 /* StatisticModule */,
				5545D54A29A60FCE008C7583 /* Extensions */,
				5545D59229ACC577008C7583 /* Service */,
				5545D53D29A4F6C6008C7583 /* Resources */,
			);
			path = MyApp;
			sourceTree = "<group>";
		};
		5545D53C29A4F6B1008C7583 /* App */ = {
			isa = PBXGroup;
			children = (
				5545D52829A4F51A008C7583 /* AppDelegate.swift */,
				5545D52A29A4F51A008C7583 /* SceneDelegate.swift */,
			);
			path = App;
			sourceTree = "<group>";
		};
		5545D53D29A4F6C6008C7583 /* Resources */ = {
			isa = PBXGroup;
			children = (
				5545D54529A60E63008C7583 /* Fonts */,
				5545D53129A4F51C008C7583 /* Assets.xcassets */,
				5545D53329A4F51C008C7583 /* LaunchScreen.storyboard */,
				5545D53629A4F51C008C7583 /* Info.plist */,
			);
			path = Resources;
			sourceTree = "<group>";
		};
		5545D53E29A4F715008C7583 /* MainModule */ = {
			isa = PBXGroup;
			children = (
				5545D58A29ACB5A8008C7583 /* Models */,
				5545D53F29A4F728008C7583 /* Views */,
				5545D54029A4F738008C7583 /* Controllers */,
			);
			path = MainModule;
			sourceTree = "<group>";
		};
		5545D53F29A4F728008C7583 /* Views */ = {
			isa = PBXGroup;
			children = (
				5545D58129A910F1008C7583 /* Subviews */,
				5545D55229A61F1C008C7583 /* Cells */,
				5545D54129A4FE2A008C7583 /* CalendarView.swift */,
				5545D54329A50B77008C7583 /* WeatherView.swift */,
			);
			path = Views;
			sourceTree = "<group>";
		};
		5545D54029A4F738008C7583 /* Controllers */ = {
			isa = PBXGroup;
			children = (
				5545D52C29A4F51A008C7583 /* MainViewController.swift */,
			);
			path = Controllers;
			sourceTree = "<group>";
		};
		5545D54529A60E63008C7583 /* Fonts */ = {
			isa = PBXGroup;
			children = (
				5545D54729A60E9E008C7583 /* Roboto-Bold.ttf */,
				5545D54629A60E9E008C7583 /* Roboto-Medium.ttf */,
			);
			path = Fonts;
			sourceTree = "<group>";
		};
		5545D54A29A60FCE008C7583 /* Extensions */ = {
			isa = PBXGroup;
			children = (
				5545D57329A8F3C2008C7583 /* Unique */,
				5545D54B29A60FE8008C7583 /* UIKit */,
				5545D58829ACAC83008C7583 /* Int + Extensions.swift */,
				5545D59029ACBEA1008C7583 /* Date + Extensions.swift */,
			);
			path = Extensions;
			sourceTree = "<group>";
		};
		5545D54B29A60FE8008C7583 /* UIKit */ = {
			isa = PBXGroup;
			children = (
				5545D54C29A61006008C7583 /* UIView + Extensions.swift */,
				5545D54E29A610EB008C7583 /* UIFont + Extensions.swift */,
				5545D55029A612B2008C7583 /* UIColor + Extensions.swift */,
				5545D55729A666D4008C7583 /* UIStackView + Extensions.swift */,
				5545D56529A766E2008C7583 /* UILabel + Extensions.swift */,
			);
			path = UIKit;
			sourceTree = "<group>";
		};
		5545D55229A61F1C008C7583 /* Cells */ = {
			isa = PBXGroup;
			children = (
				5545D55329A61F3F008C7583 /* CalendarCollectionViewCell.swift */,
				5545D55529A6606D008C7583 /* WorkoutTableViewCell.swift */,
			);
			name = Cells;
			sourceTree = "<group>";
		};
		5545D55929A6746F008C7583 /* StatisticModule */ = {
			isa = PBXGroup;
			children = (
				5545D55D29A67B91008C7583 /* Views */,
				5545D55A29A674A7008C7583 /* Controllers */,
			);
			path = StatisticModule;
			sourceTree = "<group>";
		};
		5545D55A29A674A7008C7583 /* Controllers */ = {
			isa = PBXGroup;
			children = (
				5545D55B29A674CA008C7583 /* StatisticViewController.swift */,
			);
			path = Controllers;
			sourceTree = "<group>";
		};
		5545D55D29A67B91008C7583 /* Views */ = {
			isa = PBXGroup;
			children = (
				5545D58629A9F10C008C7583 /* StatisticTableView.swift */,
				5545D56329A67D6C008C7583 /* StatisticTableViewCell.swift */,
			);
			path = Views;
			sourceTree = "<group>";
		};
		5545D56729A79596008C7583 /* NavigationModule */ = {
			isa = PBXGroup;
			children = (
				5545D56829A795AF008C7583 /* MainTabBarController.swift */,
			);
			path = NavigationModule;
			sourceTree = "<group>";
		};
		5545D56A29A7A4CE008C7583 /* NewWorkoutModule */ = {
			isa = PBXGroup;
			children = (
				5545D58D29ACBAE1008C7583 /* Model */,
				5545D56B29A7A4EC008C7583 /* Views */,
				5545D56C29A7A4F3008C7583 /* Controllers */,
			);
			path = NewWorkoutModule;
			sourceTree = "<group>";
		};
		5545D56B29A7A4EC008C7583 /* Views */ = {
			isa = PBXGroup;
			children = (
				5545D57E29A8FC46008C7583 /* Subviews */,
				5545D57C29A8F786008C7583 /* NameView.swift */,
				5545D57129A7BF9A008C7583 /* DateAndRepeatView.swift */,
				5545D56F29A7BF8B008C7583 /* RepsOrTimerView.swift */,
			);
			path = Views;
			sourceTree = "<group>";
		};
		5545D56C29A7A4F3008C7583 /* Controllers */ = {
			isa = PBXGroup;
			children = (
				5545D56D29A7A53A008C7583 /* NewWorkoutViewController.swift */,
			);
			path = Controllers;
			sourceTree = "<group>";
		};
		5545D57329A8F3C2008C7583 /* Unique */ = {
			isa = PBXGroup;
			children = (
				5545D57429A8F3E0008C7583 /* GreenButton.swift */,
				5545D57629A8F505008C7583 /* CloseButton.swift */,
				5545D57829A8F514008C7583 /* BrownTextField.swift */,
				5545D57A29A8F523008C7583 /* GreenSlider.swift */,
			);
			path = Unique;
			sourceTree = "<group>";
		};
		5545D57E29A8FC46008C7583 /* Subviews */ = {
			isa = PBXGroup;
			children = (
				5545D57F29A90446008C7583 /* SliderView.swift */,
			);
			path = Subviews;
			sourceTree = "<group>";
		};
		5545D58129A910F1008C7583 /* Subviews */ = {
			isa = PBXGroup;
			children = (
				5545D58229A91109008C7583 /* MainTableView.swift */,
				5545D58429A916F6008C7583 /* CalendarCollectionView.swift */,
			);
			name = Subviews;
			sourceTree = "<group>";
		};
		5545D58A29ACB5A8008C7583 /* Models */ = {
			isa = PBXGroup;
			children = (
				5545D58B29ACB5B6008C7583 /* WorkoutModel.swift */,
			);
			path = Models;
			sourceTree = "<group>";
		};
		5545D58D29ACBAE1008C7583 /* Model */ = {
			isa = PBXGroup;
			children = (
				5545D58E29ACBAF3008C7583 /* SliderTypes.swift */,
			);
			path = Model;
			sourceTree = "<group>";
		};
		5545D59229ACC577008C7583 /* Service */ = {
			isa = PBXGroup;
			children = (
				5545D59329ACC5D5008C7583 /* RealmManager.swift */,
			);
			path = Service;
			sourceTree = "<group>";
		};
		91BFFB1A52206EF4CFF7E423 /* Pods */ = {
			isa = PBXGroup;
			children = (
				9A0577AB7E38EBE4E15F95BA /* Pods-MyApp.debug.xcconfig */,
				B09034C68A02905B3EE1A864 /* Pods-MyApp.release.xcconfig */,
			);
			path = Pods;
			sourceTree = "<group>";
		};
/* End PBXGroup section */

/* Begin PBXNativeTarget section */
		5545D52429A4F51A008C7583 /* MyApp */ = {
			isa = PBXNativeTarget;
			buildConfigurationList = 5545D53929A4F51C008C7583 /* Build configuration list for PBXNativeTarget "MyApp" */;
			buildPhases = (
				9D6D876EE754C145CB4F7E14 /* [CP] Check Pods Manifest.lock */,
				5545D52129A4F51A008C7583 /* Sources */,
				5545D52229A4F51A008C7583 /* Frameworks */,
				5545D52329A4F51A008C7583 /* Resources */,
				0FA25E91E5E40589F088395E /* [CP] Embed Pods Frameworks */,
			);
			buildRules = (
			);
			dependencies = (
			);
			name = MyApp;
			productName = MyApp;
			productReference = 5545D52529A4F51A008C7583 /* MyApp.app */;
			productType = "com.apple.product-type.application";
		};
/* End PBXNativeTarget section */

/* Begin PBXProject section */
		5545D51D29A4F51A008C7583 /* Project object */ = {
			isa = PBXProject;
			attributes = {
				BuildIndependentTargetsInParallel = 1;
				LastSwiftUpdateCheck = 1420;
				LastUpgradeCheck = 1420;
				TargetAttributes = {
					5545D52429A4F51A008C7583 = {
						CreatedOnToolsVersion = 14.2;
					};
				};
			};
			buildConfigurationList = 5545D52029A4F51A008C7583 /* Build configuration list for PBXProject "MyApp" */;
			compatibilityVersion = "Xcode 14.0";
			developmentRegion = en;
			hasScannedForEncodings = 0;
			knownRegions = (
				en,
				Base,
			);
			mainGroup = 5545D51C29A4F51A008C7583;
			productRefGroup = 5545D52629A4F51A008C7583 /* Products */;
			projectDirPath = "";
			projectRoot = "";
			targets = (
				5545D52429A4F51A008C7583 /* MyApp */,
			);
		};
/* End PBXProject section */

/* Begin PBXResourcesBuildPhase section */
		5545D52329A4F51A008C7583 /* Resources */ = {
			isa = PBXResourcesBuildPhase;
			buildActionMask = 2147483647;
			files = (
				5545D53529A4F51C008C7583 /* LaunchScreen.storyboard in Resources */,
				5545D53229A4F51C008C7583 /* Assets.xcassets in Resources */,
				5545D54929A60E9E008C7583 /* Roboto-Bold.ttf in Resources */,
				5545D54829A60E9E008C7583 /* Roboto-Medium.ttf in Resources */,
			);
			runOnlyForDeploymentPostprocessing = 0;
		};
/* End PBXResourcesBuildPhase section */

/* Begin PBXShellScriptBuildPhase section */
		0FA25E91E5E40589F088395E /* [CP] Embed Pods Frameworks */ = {
			isa = PBXShellScriptBuildPhase;
			buildActionMask = 2147483647;
			files = (
			);
			inputFileListPaths = (
				"${PODS_ROOT}/Target Support Files/Pods-MyApp/Pods-MyApp-frameworks-${CONFIGURATION}-input-files.xcfilelist",
			);
			name = "[CP] Embed Pods Frameworks";
			outputFileListPaths = (
				"${PODS_ROOT}/Target Support Files/Pods-MyApp/Pods-MyApp-frameworks-${CONFIGURATION}-output-files.xcfilelist",
			);
			runOnlyForDeploymentPostprocessing = 0;
			shellPath = /bin/sh;
			shellScript = "\"${PODS_ROOT}/Target Support Files/Pods-MyApp/Pods-MyApp-frameworks.sh\"\n";
			showEnvVarsInLog = 0;
		};
		9D6D876EE754C145CB4F7E14 /* [CP] Check Pods Manifest.lock */ = {
			isa = PBXShellScriptBuildPhase;
			buildActionMask = 2147483647;
			files = (
			);
			inputFileListPaths = (
			);
			inputPaths = (
				"${PODS_PODFILE_DIR_PATH}/Podfile.lock",
				"${PODS_ROOT}/Manifest.lock",
			);
			name = "[CP] Check Pods Manifest.lock";
			outputFileListPaths = (
			);
			outputPaths = (
				"$(DERIVED_FILE_DIR)/Pods-MyApp-checkManifestLockResult.txt",
			);
			runOnlyForDeploymentPostprocessing = 0;
			shellPath = /bin/sh;
			shellScript = "diff \"${PODS_PODFILE_DIR_PATH}/Podfile.lock\" \"${PODS_ROOT}/Manifest.lock\" > /dev/null\nif [ $? != 0 ] ; then\n    # print error to STDERR\n    echo \"error: The sandbox is not in sync with the Podfile.lock. Run 'pod install' or update your CocoaPods installation.\" >&2\n    exit 1\nfi\n# This output is used by Xcode 'outputs' to avoid re-running this script phase.\necho \"SUCCESS\" > \"${SCRIPT_OUTPUT_FILE_0}\"\n";
			showEnvVarsInLog = 0;
		};
/* End PBXShellScriptBuildPhase section */

/* Begin PBXSourcesBuildPhase section */
		5545D52129A4F51A008C7583 /* Sources */ = {
			isa = PBXSourcesBuildPhase;
			buildActionMask = 2147483647;
			files = (
				5545D55829A666D4008C7583 /* UIStackView + Extensions.swift in Sources */,
				5545D54429A50B77008C7583 /* WeatherView.swift in Sources */,
				5545D58329A91109008C7583 /* MainTableView.swift in Sources */,
				5545D57929A8F514008C7583 /* BrownTextField.swift in Sources */,
				5545D56929A795AF008C7583 /* MainTabBarController.swift in Sources */,
				5545D58529A916F6008C7583 /* CalendarCollectionView.swift in Sources */,
				5545D58F29ACBAF3008C7583 /* SliderTypes.swift in Sources */,
				5545D57529A8F3E0008C7583 /* GreenButton.swift in Sources */,
				5545D54F29A610EB008C7583 /* UIFont + Extensions.swift in Sources */,
				5545D56429A67D6C008C7583 /* StatisticTableViewCell.swift in Sources */,
				5545D55C29A674CA008C7583 /* StatisticViewController.swift in Sources */,
				5545D59129ACBEA1008C7583 /* Date + Extensions.swift in Sources */,
				5545D52D29A4F51A008C7583 /* MainViewController.swift in Sources */,
				5545D58029A90446008C7583 /* SliderView.swift in Sources */,
				5545D55629A6606D008C7583 /* WorkoutTableViewCell.swift in Sources */,
				5545D57B29A8F523008C7583 /* GreenSlider.swift in Sources */,
				5545D57D29A8F786008C7583 /* NameView.swift in Sources */,
				5545D57229A7BF9A008C7583 /* DateAndRepeatView.swift in Sources */,
				5545D58C29ACB5B6008C7583 /* WorkoutModel.swift in Sources */,
				5545D57729A8F505008C7583 /* CloseButton.swift in Sources */,
				5545D52929A4F51A008C7583 /* AppDelegate.swift in Sources */,
				5545D54229A4FE2A008C7583 /* CalendarView.swift in Sources */,
				5545D55129A612B2008C7583 /* UIColor + Extensions.swift in Sources */,
				5545D57029A7BF8B008C7583 /* RepsOrTimerView.swift in Sources */,
				5545D55429A61F3F008C7583 /* CalendarCollectionViewCell.swift in Sources */,
				5545D59429ACC5D5008C7583 /* RealmManager.swift in Sources */,
				5545D54D29A61006008C7583 /* UIView + Extensions.swift in Sources */,
				5545D56E29A7A53A008C7583 /* NewWorkoutViewController.swift in Sources */,
				5545D58729A9F10C008C7583 /* StatisticTableView.swift in Sources */,
				5545D56629A766E2008C7583 /* UILabel + Extensions.swift in Sources */,
				5545D52B29A4F51A008C7583 /* SceneDelegate.swift in Sources */,
				5545D58929ACAC83008C7583 /* Int + Extensions.swift in Sources */,
			);
			runOnlyForDeploymentPostprocessing = 0;
		};
/* End PBXSourcesBuildPhase section */

/* Begin PBXVariantGroup section */
		5545D53329A4F51C008C7583 /* LaunchScreen.storyboard */ = {
			isa = PBXVariantGroup;
			children = (
				5545D53429A4F51C008C7583 /* Base */,
			);
			name = LaunchScreen.storyboard;
			sourceTree = "<group>";
		};
/* End PBXVariantGroup section */

/* Begin XCBuildConfiguration section */
		5545D53729A4F51C008C7583 /* Debug */ = {
			isa = XCBuildConfiguration;
			buildSettings = {
				ALWAYS_SEARCH_USER_PATHS = NO;
				CLANG_ANALYZER_NONNULL = YES;
				CLANG_ANALYZER_NUMBER_OBJECT_CONVERSION = YES_AGGRESSIVE;
				CLANG_CXX_LANGUAGE_STANDARD = "gnu++20";
				CLANG_ENABLE_MODULES = YES;
				CLANG_ENABLE_OBJC_ARC = YES;
				CLANG_ENABLE_OBJC_WEAK = YES;
				CLANG_WARN_BLOCK_CAPTURE_AUTORELEASING = YES;
				CLANG_WARN_BOOL_CONVERSION = YES;
				CLANG_WARN_COMMA = YES;
				CLANG_WARN_CONSTANT_CONVERSION = YES;
				CLANG_WARN_DEPRECATED_OBJC_IMPLEMENTATIONS = YES;
				CLANG_WARN_DIRECT_OBJC_ISA_USAGE = YES_ERROR;
				CLANG_WARN_DOCUMENTATION_COMMENTS = YES;
				CLANG_WARN_EMPTY_BODY = YES;
				CLANG_WARN_ENUM_CONVERSION = YES;
				CLANG_WARN_INFINITE_RECURSION = YES;
				CLANG_WARN_INT_CONVERSION = YES;
				CLANG_WARN_NON_LITERAL_NULL_CONVERSION = YES;
				CLANG_WARN_OBJC_IMPLICIT_RETAIN_SELF = YES;
				CLANG_WARN_OBJC_LITERAL_CONVERSION = YES;
				CLANG_WARN_OBJC_ROOT_CLASS = YES_ERROR;
				CLANG_WARN_QUOTED_INCLUDE_IN_FRAMEWORK_HEADER = YES;
				CLANG_WARN_RANGE_LOOP_ANALYSIS = YES;
				CLANG_WARN_STRICT_PROTOTYPES = YES;
				CLANG_WARN_SUSPICIOUS_MOVE = YES;
				CLANG_WARN_UNGUARDED_AVAILABILITY = YES_AGGRESSIVE;
				CLANG_WARN_UNREACHABLE_CODE = YES;
				CLANG_WARN__DUPLICATE_METHOD_MATCH = YES;
				COPY_PHASE_STRIP = NO;
				DEBUG_INFORMATION_FORMAT = dwarf;
				ENABLE_STRICT_OBJC_MSGSEND = YES;
				ENABLE_TESTABILITY = YES;
				GCC_C_LANGUAGE_STANDARD = gnu11;
				GCC_DYNAMIC_NO_PIC = NO;
				GCC_NO_COMMON_BLOCKS = YES;
				GCC_OPTIMIZATION_LEVEL = 0;
				GCC_PREPROCESSOR_DEFINITIONS = (
					"DEBUG=1",
					"$(inherited)",
				);
				GCC_WARN_64_TO_32_BIT_CONVERSION = YES;
				GCC_WARN_ABOUT_RETURN_TYPE = YES_ERROR;
				GCC_WARN_UNDECLARED_SELECTOR = YES;
				GCC_WARN_UNINITIALIZED_AUTOS = YES_AGGRESSIVE;
				GCC_WARN_UNUSED_FUNCTION = YES;
				GCC_WARN_UNUSED_VARIABLE = YES;
				IPHONEOS_DEPLOYMENT_TARGET = 13.0;
				MTL_ENABLE_DEBUG_INFO = INCLUDE_SOURCE;
				MTL_FAST_MATH = YES;
				ONLY_ACTIVE_ARCH = YES;
				SDKROOT = iphoneos;
				SWIFT_ACTIVE_COMPILATION_CONDITIONS = DEBUG;
				SWIFT_OPTIMIZATION_LEVEL = "-Onone";
			};
			name = Debug;
		};
		5545D53829A4F51C008C7583 /* Release */ = {
			isa = XCBuildConfiguration;
			buildSettings = {
				ALWAYS_SEARCH_USER_PATHS = NO;
				CLANG_ANALYZER_NONNULL = YES;
				CLANG_ANALYZER_NUMBER_OBJECT_CONVERSION = YES_AGGRESSIVE;
				CLANG_CXX_LANGUAGE_STANDARD = "gnu++20";
				CLANG_ENABLE_MODULES = YES;
				CLANG_ENABLE_OBJC_ARC = YES;
				CLANG_ENABLE_OBJC_WEAK = YES;
				CLANG_WARN_BLOCK_CAPTURE_AUTORELEASING = YES;
				CLANG_WARN_BOOL_CONVERSION = YES;
				CLANG_WARN_COMMA = YES;
				CLANG_WARN_CONSTANT_CONVERSION = YES;
				CLANG_WARN_DEPRECATED_OBJC_IMPLEMENTATIONS = YES;
				CLANG_WARN_DIRECT_OBJC_ISA_USAGE = YES_ERROR;
				CLANG_WARN_DOCUMENTATION_COMMENTS = YES;
				CLANG_WARN_EMPTY_BODY = YES;
				CLANG_WARN_ENUM_CONVERSION = YES;
				CLANG_WARN_INFINITE_RECURSION = YES;
				CLANG_WARN_INT_CONVERSION = YES;
				CLANG_WARN_NON_LITERAL_NULL_CONVERSION = YES;
				CLANG_WARN_OBJC_IMPLICIT_RETAIN_SELF = YES;
				CLANG_WARN_OBJC_LITERAL_CONVERSION = YES;
				CLANG_WARN_OBJC_ROOT_CLASS = YES_ERROR;
				CLANG_WARN_QUOTED_INCLUDE_IN_FRAMEWORK_HEADER = YES;
				CLANG_WARN_RANGE_LOOP_ANALYSIS = YES;
				CLANG_WARN_STRICT_PROTOTYPES = YES;
				CLANG_WARN_SUSPICIOUS_MOVE = YES;
				CLANG_WARN_UNGUARDED_AVAILABILITY = YES_AGGRESSIVE;
				CLANG_WARN_UNREACHABLE_CODE = YES;
				CLANG_WARN__DUPLICATE_METHOD_MATCH = YES;
				COPY_PHASE_STRIP = NO;
				DEBUG_INFORMATION_FORMAT = "dwarf-with-dsym";
				ENABLE_NS_ASSERTIONS = NO;
				ENABLE_STRICT_OBJC_MSGSEND = YES;
				GCC_C_LANGUAGE_STANDARD = gnu11;
				GCC_NO_COMMON_BLOCKS = YES;
				GCC_WARN_64_TO_32_BIT_CONVERSION = YES;
				GCC_WARN_ABOUT_RETURN_TYPE = YES_ERROR;
				GCC_WARN_UNDECLARED_SELECTOR = YES;
				GCC_WARN_UNINITIALIZED_AUTOS = YES_AGGRESSIVE;
				GCC_WARN_UNUSED_FUNCTION = YES;
				GCC_WARN_UNUSED_VARIABLE = YES;
				IPHONEOS_DEPLOYMENT_TARGET = 13.0;
				MTL_ENABLE_DEBUG_INFO = NO;
				MTL_FAST_MATH = YES;
				SDKROOT = iphoneos;
				SWIFT_COMPILATION_MODE = wholemodule;
				SWIFT_OPTIMIZATION_LEVEL = "-O";
				VALIDATE_PRODUCT = YES;
			};
			name = Release;
		};
		5545D53A29A4F51C008C7583 /* Debug */ = {
			isa = XCBuildConfiguration;
			baseConfigurationReference = 9A0577AB7E38EBE4E15F95BA /* Pods-MyApp.debug.xcconfig */;
			buildSettings = {
				ASSETCATALOG_COMPILER_APPICON_NAME = AppIcon;
				ASSETCATALOG_COMPILER_GLOBAL_ACCENT_COLOR_NAME = AccentColor;
				CODE_SIGN_STYLE = Automatic;
				CURRENT_PROJECT_VERSION = 1;
				DEVELOPMENT_TEAM = 4KRJ9XKH55;
				GENERATE_INFOPLIST_FILE = YES;
				INFOPLIST_FILE = MyApp/Resources/Info.plist;
				INFOPLIST_KEY_UIApplicationSupportsIndirectInputEvents = YES;
				INFOPLIST_KEY_UILaunchStoryboardName = LaunchScreen;
				INFOPLIST_KEY_UISupportedInterfaceOrientations = UIInterfaceOrientationPortrait;
				INFOPLIST_KEY_UISupportedInterfaceOrientations_iPad = "UIInterfaceOrientationLandscapeLeft UIInterfaceOrientationLandscapeRight UIInterfaceOrientationPortrait UIInterfaceOrientationPortraitUpsideDown";
				IPHONEOS_DEPLOYMENT_TARGET = 13.0;
				LD_RUNPATH_SEARCH_PATHS = (
					"$(inherited)",
					"@executable_path/Frameworks",
				);
				MARKETING_VERSION = 1.0;
				PRODUCT_BUNDLE_IDENTIFIER = ru.AndreyAbakumov.MyApp;
				PRODUCT_NAME = "$(TARGET_NAME)";
				SUPPORTED_PLATFORMS = "iphoneos iphonesimulator";
				SUPPORTS_MACCATALYST = NO;
				SUPPORTS_MAC_DESIGNED_FOR_IPHONE_IPAD = NO;
				SWIFT_EMIT_LOC_STRINGS = YES;
				SWIFT_VERSION = 5.0;
				TARGETED_DEVICE_FAMILY = 1;
			};
			name = Debug;
		};
		5545D53B29A4F51C008C7583 /* Release */ = {
			isa = XCBuildConfiguration;
			baseConfigurationReference = B09034C68A02905B3EE1A864 /* Pods-MyApp.release.xcconfig */;
			buildSettings = {
				ASSETCATALOG_COMPILER_APPICON_NAME = AppIcon;
				ASSETCATALOG_COMPILER_GLOBAL_ACCENT_COLOR_NAME = AccentColor;
				CODE_SIGN_STYLE = Automatic;
				CURRENT_PROJECT_VERSION = 1;
				DEVELOPMENT_TEAM = 4KRJ9XKH55;
				GENERATE_INFOPLIST_FILE = YES;
				INFOPLIST_FILE = MyApp/Resources/Info.plist;
				INFOPLIST_KEY_UIApplicationSupportsIndirectInputEvents = YES;
				INFOPLIST_KEY_UILaunchStoryboardName = LaunchScreen;
				INFOPLIST_KEY_UISupportedInterfaceOrientations = UIInterfaceOrientationPortrait;
				INFOPLIST_KEY_UISupportedInterfaceOrientations_iPad = "UIInterfaceOrientationLandscapeLeft UIInterfaceOrientationLandscapeRight UIInterfaceOrientationPortrait UIInterfaceOrientationPortraitUpsideDown";
				IPHONEOS_DEPLOYMENT_TARGET = 13.0;
				LD_RUNPATH_SEARCH_PATHS = (
					"$(inherited)",
					"@executable_path/Frameworks",
				);
				MARKETING_VERSION = 1.0;
				PRODUCT_BUNDLE_IDENTIFIER = ru.AndreyAbakumov.MyApp;
				PRODUCT_NAME = "$(TARGET_NAME)";
				SUPPORTED_PLATFORMS = "iphoneos iphonesimulator";
				SUPPORTS_MACCATALYST = NO;
				SUPPORTS_MAC_DESIGNED_FOR_IPHONE_IPAD = NO;
				SWIFT_EMIT_LOC_STRINGS = YES;
				SWIFT_VERSION = 5.0;
				TARGETED_DEVICE_FAMILY = 1;
			};
			name = Release;
		};
/* End XCBuildConfiguration section */

/* Begin XCConfigurationList section */
		5545D52029A4F51A008C7583 /* Build configuration list for PBXProject "MyApp" */ = {
			isa = XCConfigurationList;
			buildConfigurations = (
				5545D53729A4F51C008C7583 /* Debug */,
				5545D53829A4F51C008C7583 /* Release */,
			);
			defaultConfigurationIsVisible = 0;
			defaultConfigurationName = Release;
		};
		5545D53929A4F51C008C7583 /* Build configuration list for PBXNativeTarget "MyApp" */ = {
			isa = XCConfigurationList;
			buildConfigurations = (
				5545D53A29A4F51C008C7583 /* Debug */,
				5545D53B29A4F51C008C7583 /* Release */,
			);
			defaultConfigurationIsVisible = 0;
			defaultConfigurationName = Release;
		};
/* End XCConfigurationList section */
	};
	rootObject = 5545D51D29A4F51A008C7583 /* Project object */;
}
